{
    "_meta": {
        "hash": {
            "sha256": "3c91b45a17f45da8603a3f863a78e064e62a0e4753a52ccd2aecb671b8851694"
        },
        "pipfile-spec": 6,
        "requires": {
            "python_version": "3.8"
        },
        "sources": [
            {
                "name": "pypi",
                "url": "https://pypi.python.org/simple",
                "verify_ssl": true
            }
        ]
    },
    "default": {
        "uvicorn": {
            "extras": [
                "standard"
            ]
        }
    },
    "develop": {}
}
